// !$*UTF8*$!
{
	archiveVersion = 1;
	classes = {
	};
	objectVersion = 56;
	objects = {

/* Begin PBXBuildFile section */
		A10000010000000000000001 /* AppDelegate.swift in Sources */ = {isa = PBXBuildFile; fileRef = A10001010000000000000001 /* AppDelegate.swift */; };
		A10000010000000000000002 /* SceneDelegate.swift in Sources */ = {isa = PBXBuildFile; fileRef = A10001010000000000000002 /* SceneDelegate.swift */; };
		A10000010000000000000003 /* MainTabBarController.swift in Sources */ = {isa = PBXBuildFile; fileRef = A10001010000000000000003 /* MainTabBarController.swift */; };
		A10000010000000000000004 /* AppRouter.swift in Sources */ = {isa = PBXBuildFile; fileRef = A10001010000000000000004 /* AppRouter.swift */; };
		A10000010000000000000005 /* AppTheme.swift in Sources */ = {isa = PBXBuildFile; fileRef = A10001010000000000000005 /* AppTheme.swift */; };
		A10000010000000000000006 /* SessionStore.swift in Sources */ = {isa = PBXBuildFile; fileRef = A10001010000000000000006 /* SessionStore.swift */; };
		A10000010000000000000007 /* APIClient.swift in Sources */ = {isa = PBXBuildFile; fileRef = A10001010000000000000007 /* APIClient.swift */; };
		A10000010000000000000008 /* CommonResponse.swift in Sources */ = {isa = PBXBuildFile; fileRef = A10001010000000000000008 /* CommonResponse.swift */; };
		A10000010000000000000009 /* WebViewBridge.swift in Sources */ = {isa = PBXBuildFile; fileRef = A10001010000000000000009 /* WebViewBridge.swift */; };
		A1000001000000000000000A /* PlaceholderViewController.swift in Sources */ = {isa = PBXBuildFile; fileRef = A1000101000000000000000A /* PlaceholderViewController.swift */; };
		A1000001000000000000000B /* HomeViewController.swift in Sources */ = {isa = PBXBuildFile; fileRef = A1000101000000000000000B /* HomeViewController.swift */; };
		A1000001000000000000000C /* LoginViewController.swift in Sources */ = {isa = PBXBuildFile; fileRef = A1000101000000000000000C /* LoginViewController.swift */; };
		A1000001000000000000000D /* ReportViewController.swift in Sources */ = {isa = PBXBuildFile; fileRef = A1000101000000000000000D /* ReportViewController.swift */; };
		A1000001000000000000000E /* CarViewController.swift in Sources */ = {isa = PBXBuildFile; fileRef = A1000101000000000000000E /* CarViewController.swift */; };
		A1000001000000000000000F /* TrainingViewController.swift in Sources */ = {isa = PBXBuildFile; fileRef = A1000101000000000000000F /* TrainingViewController.swift */; };
		A10000010000000000000010 /* ProfileViewController.swift in Sources */ = {isa = PBXBuildFile; fileRef = A10001010000000000000010 /* ProfileViewController.swift */; };
		A10000010000000000000011 /* Assets.xcassets in Resources */ = {isa = PBXBuildFile; fileRef = A10001010000000000000011 /* Assets.xcassets */; };
/* End PBXBuildFile section */

/* Begin PBXFileReference section */
		A10001010000000000000001 /* AppDelegate.swift */ = {isa = PBXFileReference; lastKnownFileType = sourcecode.swift; path = AppDelegate.swift; sourceTree = "<group>"; };
		A10001010000000000000002 /* SceneDelegate.swift */ = {isa = PBXFileReference; lastKnownFileType = sourcecode.swift; path = SceneDelegate.swift; sourceTree = "<group>"; };
		A10001010000000000000003 /* MainTabBarController.swift */ = {isa = PBXFileReference; lastKnownFileType = sourcecode.swift; path = MainTabBarController.swift; sourceTree = "<group>"; };
		A10001010000000000000004 /* AppRouter.swift */ = {isa = PBXFileReference; lastKnownFileType = sourcecode.swift; path = AppRouter.swift; sourceTree = "<group>"; };
		A10001010000000000000005 /* AppTheme.swift */ = {isa = PBXFileReference; lastKnownFileType = sourcecode.swift; path = AppTheme.swift; sourceTree = "<group>"; };
		A10001010000000000000006 /* SessionStore.swift */ = {isa = PBXFileReference; lastKnownFileType = sourcecode.swift; path = SessionStore.swift; sourceTree = "<group>"; };
		A10001010000000000000007 /* APIClient.swift */ = {isa = PBXFileReference; lastKnownFileType = sourcecode.swift; path = APIClient.swift; sourceTree = "<group>"; };
		A10001010000000000000008 /* CommonResponse.swift */ = {isa = PBXFileReference; lastKnownFileType = sourcecode.swift; path = CommonResponse.swift; sourceTree = "<group>"; };
		A10001010000000000000009 /* WebViewBridge.swift */ = {isa = PBXFileReference; lastKnownFileType = sourcecode.swift; path = WebViewBridge.swift; sourceTree = "<group>"; };
		A1000101000000000000000A /* PlaceholderViewController.swift */ = {isa = PBXFileReference; lastKnownFileType = sourcecode.swift; path = PlaceholderViewController.swift; sourceTree = "<group>"; };
		A1000101000000000000000B /* HomeViewController.swift */ = {isa = PBXFileReference; lastKnownFileType = sourcecode.swift; path = HomeViewController.swift; sourceTree = "<group>"; };
		A1000101000000000000000C /* LoginViewController.swift */ = {isa = PBXFileReference; lastKnownFileType = sourcecode.swift; path = LoginViewController.swift; sourceTree = "<group>"; };
		A1000101000000000000000D /* ReportViewController.swift */ = {isa = PBXFileReference; lastKnownFileType = sourcecode.swift; path = ReportViewController.swift; sourceTree = "<group>"; };
		A1000101000000000000000E /* CarViewController.swift */ = {isa = PBXFileReference; lastKnownFileType = sourcecode.swift; path = CarViewController.swift; sourceTree = "<group>"; };
		A1000101000000000000000F /* TrainingViewController.swift */ = {isa = PBXFileReference; lastKnownFileType = sourcecode.swift; path = TrainingViewController.swift; sourceTree = "<group>"; };
		A10001010000000000000010 /* ProfileViewController.swift */ = {isa = PBXFileReference; lastKnownFileType = sourcecode.swift; path = ProfileViewController.swift; sourceTree = "<group>"; };
		A10001010000000000000011 /* Assets.xcassets */ = {isa = PBXFileReference; lastKnownFileType = folder.assetcatalog; path = Assets.xcassets; sourceTree = "<group>"; };
		A10001010000000000000012 /* Info.plist */ = {isa = PBXFileReference; lastKnownFileType = text.plist.xml; path = Info.plist; sourceTree = "<group>"; };
		A10001010000000000000013 /* Base.xcconfig */ = {isa = PBXFileReference; lastKnownFileType = text.xcconfig; path = Base.xcconfig; sourceTree = "<group>"; };
		A10001010000000000000014 /* Debug.xcconfig */ = {isa = PBXFileReference; lastKnownFileType = text.xcconfig; path = Debug.xcconfig; sourceTree = "<group>"; };
		A10001010000000000000015 /* Release.xcconfig */ = {isa = PBXFileReference; lastKnownFileType = text.xcconfig; path = Release.xcconfig; sourceTree = "<group>"; };
		A10001010000000000000016 /* AutoMobileUnion.app */ = {isa = PBXFileReference; explicitFileType = wrapper.application; includeInIndex = 0; path = AutoMobileUnion.app; sourceTree = BUILT_PRODUCTS_DIR; };
/* End PBXFileReference section */

/* Begin PBXFrameworksBuildPhase section */
		A10002010000000000000001 /* Frameworks */ = {
			isa = PBXFrameworksBuildPhase;
			buildActionMask = 2147483647;
			files = (
			);
			runOnlyForDeploymentPostprocessing = 0;
		};
/* End PBXFrameworksBuildPhase section */

/* Begin PBXGroup section */
		A10003010000000000000001 = {
			isa = PBXGroup;
			children = (
				A10003010000000000000002 /* ios-app */,
				A10003010000000000000003 /* Products */,
			);
			sourceTree = "<group>";
		};
		A10003010000000000000002 /* ios-app */ = {
			isa = PBXGroup;
			children = (
				A10003010000000000000004 /* App */,
				A10003010000000000000005 /* Core */,
				A10003010000000000000006 /* Networking */,
				A10003010000000000000007 /* Models */,
				A10003010000000000000008 /* Modules */,
				A10003010000000000000009 /* Resources */,
				A1000301000000000000000A /* Bridge */,
				A1000301000000000000000B /* Config */,
			);
			path = ios-app;
			sourceTree = SOURCE_ROOT;
		};
		A10003010000000000000003 /* Products */ = {
			isa = PBXGroup;
			children = (
				A10001010000000000000016 /* AutoMobileUnion.app */,
			);
			name = Products;
			sourceTree = "<group>";
		};
		A10003010000000000000004 /* App */ = {
			isa = PBXGroup;
			children = (
				A10001010000000000000001 /* AppDelegate.swift */,
				A10001010000000000000002 /* SceneDelegate.swift */,
				A10001010000000000000003 /* MainTabBarController.swift */,
			);
			path = App;
			sourceTree = "<group>";
		};
		A10003010000000000000005 /* Core */ = {
			isa = PBXGroup;
			children = (
				A1000301000000000000000C /* Routing */,
				A1000301000000000000000D /* Theme */,
				A1000301000000000000000E /* Storage */,
			);
			path = Core;
			sourceTree = "<group>";
		};
		A10003010000000000000006 /* Networking */ = {
			isa = PBXGroup;
			children = (
				A10001010000000000000007 /* APIClient.swift */,
			);
			path = Networking;
			sourceTree = "<group>";
		};
		A10003010000000000000007 /* Models */ = {
			isa = PBXGroup;
			children = (
				A10001010000000000000008 /* CommonResponse.swift */,
			);
			path = Models;
			sourceTree = "<group>";
		};
		A10003010000000000000008 /* Modules */ = {
			isa = PBXGroup;
			children = (
				A1000301000000000000000F /* Shared */,
				A10003010000000000000010 /* Home */,
				A10003010000000000000011 /* Login */,
				A10003010000000000000012 /* Report */,
				A10003010000000000000013 /* Car */,
				A10003010000000000000014 /* Training */,
				A10003010000000000000015 /* Profile */,
			);
			path = Modules;
			sourceTree = "<group>";
		};
		A10003010000000000000009 /* Resources */ = {
			isa = PBXGroup;
			children = (
				A10001010000000000000011 /* Assets.xcassets */,
				A10001010000000000000012 /* Info.plist */,
			);
			path = Resources;
			sourceTree = "<group>";
		};
		A1000301000000000000000A /* Bridge */ = {
			isa = PBXGroup;
			children = (
				A10001010000000000000009 /* WebViewBridge.swift */,
			);
			path = Bridge;
			sourceTree = "<group>";
		};
		A1000301000000000000000B /* Config */ = {
			isa = PBXGroup;
			children = (
				A10001010000000000000013 /* Base.xcconfig */,
				A10001010000000000000014 /* Debug.xcconfig */,
				A10001010000000000000015 /* Release.xcconfig */,
			);
			path = Config;
			sourceTree = "<group>";
		};
		A1000301000000000000000C /* Routing */ = {
			isa = PBXGroup;
			children = (
				A10001010000000000000004 /* AppRouter.swift */,
			);
			path = Routing;
			sourceTree = "<group>";
		};
		A1000301000000000000000D /* Theme */ = {
			isa = PBXGroup;
			children = (
				A10001010000000000000005 /* AppTheme.swift */,
			);
			path = Theme;
			sourceTree = "<group>";
		};
		A1000301000000000000000E /* Storage */ = {
			isa = PBXGroup;
			children = (
				A10001010000000000000006 /* SessionStore.swift */,
			);
			path = Storage;
			sourceTree = "<group>";
		};
		A1000301000000000000000F /* Shared */ = {
			isa = PBXGroup;
			children = (
				A1000101000000000000000A /* PlaceholderViewController.swift */,
			);
			path = Shared;
			sourceTree = "<group>";
		};
		A10003010000000000000010 /* Home */ = {
			isa = PBXGroup;
			children = (
				A10003010000000000000016 /* ViewControllers */,
			);
			path = Home;
			sourceTree = "<group>";
		};
		A10003010000000000000011 /* Login */ = {
			isa = PBXGroup;
			children = (
				A10003010000000000000017 /* ViewControllers */,
			);
			path = Login;
			sourceTree = "<group>";
		};
		A10003010000000000000012 /* Report */ = {
			isa = PBXGroup;
			children = (
				A10003010000000000000018 /* ViewControllers */,
			);
			path = Report;
			sourceTree = "<group>";
		};
		A10003010000000000000013 /* Car */ = {
			isa = PBXGroup;
			children = (
				A10003010000000000000019 /* ViewControllers */,
			);
			path = Car;
			sourceTree = "<group>";
		};
		A10003010000000000000014 /* Training */ = {
			isa = PBXGroup;
			children = (
				A1000301000000000000001A /* ViewControllers */,
			);
			path = Training;
			sourceTree = "<group>";
		};
		A10003010000000000000015 /* Profile */ = {
			isa = PBXGroup;
			children = (
				A1000301000000000000001B /* ViewControllers */,
			);
			path = Profile;
			sourceTree = "<group>";
		};
		A10003010000000000000016 /* ViewControllers */ = {
			isa = PBXGroup;
			children = (
				A1000101000000000000000B /* HomeViewController.swift */,
			);
			path = ViewControllers;
			sourceTree = "<group>";
		};
		A10003010000000000000017 /* ViewControllers */ = {
			isa = PBXGroup;
			children = (
				A1000101000000000000000C /* LoginViewController.swift */,
			);
			path = ViewControllers;
			sourceTree = "<group>";
		};
		A10003010000000000000018 /* ViewControllers */ = {
			isa = PBXGroup;
			children = (
				A1000101000000000000000D /* ReportViewController.swift */,
			);
			path = ViewControllers;
			sourceTree = "<group>";
		};
		A10003010000000000000019 /* ViewControllers */ = {
			isa = PBXGroup;
			children = (
				A1000101000000000000000E /* CarViewController.swift */,
			);
			path = ViewControllers;
			sourceTree = "<group>";
		};
		A1000301000000000000001A /* ViewControllers */ = {
			isa = PBXGroup;
			children = (
				A1000101000000000000000F /* TrainingViewController.swift */,
			);
			path = ViewControllers;
			sourceTree = "<group>";
		};
		A1000301000000000000001B /* ViewControllers */ = {
			isa = PBXGroup;
			children = (
				A10001010000000000000010 /* ProfileViewController.swift */,
			);
			path = ViewControllers;
			sourceTree = "<group>";
		};
/* End PBXGroup section */

/* Begin PBXNativeTarget section */
		A10004010000000000000001 /* AutoMobileUnion */ = {
			isa = PBXNativeTarget;
			buildConfigurationList = A10008010000000000000001 /* Build configuration list for PBXNativeTarget "AutoMobileUnion" */;
			buildPhases = (
				A10005010000000000000001 /* Sources */,
				A10002010000000000000001 /* Frameworks */,
				A10005010000000000000002 /* Resources */,
			);
			buildRules = (
			);
			dependencies = (
			);
			name = AutoMobileUnion;
			productName = AutoMobileUnion;
			productReference = A10001010000000000000016 /* AutoMobileUnion.app */;
			productType = "com.apple.product-type.application";
		};
/* End PBXNativeTarget section */

/* Begin PBXProject section */
		A10006010000000000000001 /* Project object */ = {
			isa = PBXProject;
			attributes = {
				BuildIndependentTargetsInParallel = 1;
				LastSwiftUpdateCheck = 1600;
				LastUpgradeCheck = 1600;
				TargetAttributes = {
					A10004010000000000000001 = {
						CreatedOnToolsVersion = 16.0;
					};
				};
			};
			buildConfigurationList = A10008010000000000000002 /* Build configuration list for PBXProject "AutoMobileUnioniOS" */;
			compatibilityVersion = "Xcode 14.0";
			developmentRegion = en;
			hasScannedForEncodings = 0;
			knownRegions = (
				en,
				Base,
			);
			mainGroup = A10003010000000000000001;
			productRefGroup = A10003010000000000000003 /* Products */;
			projectDirPath = "";
			projectRoot = "";
			targets = (
				A10004010000000000000001 /* AutoMobileUnion */,
			);
		};
/* End PBXProject section */

/* Begin PBXResourcesBuildPhase section */
		A10005010000000000000002 /* Resources */ = {
			isa = PBXResourcesBuildPhase;
			buildActionMask = 2147483647;
			files = (
				A10000010000000000000011 /* Assets.xcassets in Resources */,
			);
			runOnlyForDeploymentPostprocessing = 0;
		};
/* End PBXResourcesBuildPhase section */

/* Begin PBXSourcesBuildPhase section */
		A10005010000000000000001 /* Sources */ = {
			isa = PBXSourcesBuildPhase;
			buildActionMask = 2147483647;
			files = (
				A10000010000000000000001 /* AppDelegate.swift in Sources */,
				A10000010000000000000002 /* SceneDelegate.swift in Sources */,
				A10000010000000000000003 /* MainTabBarController.swift in Sources */,
				A10000010000000000000004 /* AppRouter.swift in Sources */,
				A10000010000000000000005 /* AppTheme.swift in Sources */,
				A10000010000000000000006 /* SessionStore.swift in Sources */,
				A10000010000000000000007 /* APIClient.swift in Sources */,
				A10000010000000000000008 /* CommonResponse.swift in Sources */,
				A10000010000000000000009 /* WebViewBridge.swift in Sources */,
				A1000001000000000000000A /* PlaceholderViewController.swift in Sources */,
				A1000001000000000000000B /* HomeViewController.swift in Sources */,
				A1000001000000000000000C /* LoginViewController.swift in Sources */,
				A1000001000000000000000D /* ReportViewController.swift in Sources */,
				A1000001000000000000000E /* CarViewController.swift in Sources */,
				A1000001000000000000000F /* TrainingViewController.swift in Sources */,
				A10000010000000000000010 /* ProfileViewController.swift in Sources */,
			);
			runOnlyForDeploymentPostprocessing = 0;
		};
/* End PBXSourcesBuildPhase section */

/* Begin XCBuildConfiguration section */
		A10007010000000000000001 /* Debug */ = {
			isa = XCBuildConfiguration;
			baseConfigurationReference = A10001010000000000000014 /* Debug.xcconfig */;
			buildSettings = {
				ALWAYS_SEARCH_USER_PATHS = NO;
				CLANG_ENABLE_MODULES = YES;
				CLANG_ENABLE_OBJC_ARC = YES;
				GCC_C_LANGUAGE_STANDARD = gnu17;
				INFOPLIST_FILE = ios-app/Resources/Info.plist;
				IPHONEOS_DEPLOYMENT_TARGET = 15.0;
				LD_RUNPATH_SEARCH_PATHS = (
					"$(inherited)",
					"@executable_path/Frameworks",
				);
				MARKETING_VERSION = 1.0;
				PRODUCT_BUNDLE_IDENTIFIER = com.fx.zfcar.ios;
				PRODUCT_NAME = AutoMobileUnion;
				SDKROOT = iphoneos;
				SWIFT_VERSION = 5.0;
				TARGETED_DEVICE_FAMILY = 1;
			};
			name = Debug;
		};
		A10007010000000000000002 /* Release */ = {
			isa = XCBuildConfiguration;
			baseConfigurationReference = A10001010000000000000015 /* Release.xcconfig */;
			buildSettings = {
				ALWAYS_SEARCH_USER_PATHS = NO;
				CLANG_ENABLE_MODULES = YES;
				CLANG_ENABLE_OBJC_ARC = YES;
				GCC_C_LANGUAGE_STANDARD = gnu17;
				INFOPLIST_FILE = ios-app/Resources/Info.plist;
				IPHONEOS_DEPLOYMENT_TARGET = 15.0;
				LD_RUNPATH_SEARCH_PATHS = (
					"$(inherited)",
					"@executable_path/Frameworks",
				);
				MARKETING_VERSION = 1.0;
				PRODUCT_BUNDLE_IDENTIFIER = com.fx.zfcar.ios;
				PRODUCT_NAME = AutoMobileUnion;
				SDKROOT = iphoneos;
				SWIFT_VERSION = 5.0;
				TARGETED_DEVICE_FAMILY = 1;
			};
			name = Release;
		};
		A10007010000000000000003 /* Debug */ = {
			isa = XCBuildConfiguration;
			baseConfigurationReference = A10001010000000000000014 /* Debug.xcconfig */;
			buildSettings = {
				CODE_SIGN_STYLE = Automatic;
				CURRENT_PROJECT_VERSION = 1;
				DEVELOPMENT_TEAM = "";
				GENERATE_INFOPLIST_FILE = NO;
				INFOPLIST_FILE = ios-app/Resources/Info.plist;
				IPHONEOS_DEPLOYMENT_TARGET = 15.0;
				LD_RUNPATH_SEARCH_PATHS = (
					"$(inherited)",
					"@executable_path/Frameworks",
				);
				MARKETING_VERSION = 1.0;
				PRODUCT_BUNDLE_IDENTIFIER = com.fx.zfcar.ios;
				PRODUCT_NAME = AutoMobileUnion;
				SDKROOT = iphoneos;
				SWIFT_VERSION = 5.0;
				TARGETED_DEVICE_FAMILY = 1;
			};
			name = Debug;
		};
		A10007010000000000000004 /* Release */ = {
			isa = XCBuildConfiguration;
			baseConfigurationReference = A10001010000000000000015 /* Release.xcconfig */;
			buildSettings = {
				CODE_SIGN_STYLE = Automatic;
				CURRENT_PROJECT_VERSION = 1;
				DEVELOPMENT_TEAM = "";
				GENERATE_INFOPLIST_FILE = NO;
				INFOPLIST_FILE = ios-app/Resources/Info.plist;
				IPHONEOS_DEPLOYMENT_TARGET = 15.0;
				LD_RUNPATH_SEARCH_PATHS = (
					"$(inherited)",
					"@executable_path/Frameworks",
				);
				MARKETING_VERSION = 1.0;
				PRODUCT_BUNDLE_IDENTIFIER = com.fx.zfcar.ios;
				PRODUCT_NAME = AutoMobileUnion;
				SDKROOT = iphoneos;
				SWIFT_VERSION = 5.0;
				TARGETED_DEVICE_FAMILY = 1;
			};
			name = Release;
		};
/* End XCBuildConfiguration section */

/* Begin XCConfigurationList section */
		A10008010000000000000001 /* Build configuration list for PBXNativeTarget "AutoMobileUnion" */ = {
			isa = XCConfigurationList;
			buildConfigurations = (
				A10007010000000000000003 /* Debug */,
				A10007010000000000000004 /* Release */,
			);
			defaultConfigurationIsVisible = 0;
			defaultConfigurationName = Release;
		};
		A10008010000000000000002 /* Build configuration list for PBXProject "AutoMobileUnioniOS" */ = {
			isa = XCConfigurationList;
			buildConfigurations = (
				A10007010000000000000001 /* Debug */,
				A10007010000000000000002 /* Release */,
			);
			defaultConfigurationIsVisible = 0;
			defaultConfigurationName = Release;
		};
/* End XCConfigurationList section */
	};
	rootObject = A10006010000000000000001 /* Project object */;
}
